
Microsoft Visual Studio Solution File, Format Version 12.00
# Visual Studio Version 16
VisualStudioVersion = 16.0.30611.23
MinimumVisualStudioVersion = 10.0.40219.1
Project("{FAE04EC0-301F-11D3-BF4B-00C04F79EFBC}") = "skinet", "skinet\skinet.csproj", "{FFEC651B-B68A-41FF-A1A5-066B63F68094}"
EndProject
Project("{FAE04EC0-301F-11D3-BF4B-00C04F79EFBC}") = "Core", "Core\Core.csproj", "{F3869602-DFBD-4077-A744-07C5444135A6}"
EndProject
Project("{FAE04EC0-301F-11D3-BF4B-00C04F79EFBC}") = "Infrastructure", "Infrastructure\Infrastructure.csproj", "{0D9E8D5B-F5BC-492D-BCF4-BF3BFB044F25}"
EndProject
Global
	GlobalSection(SolutionConfigurationPlatforms) = preSolution
		Debug|Any CPU = Debug|Any CPU
		Release|Any CPU = Release|Any CPU
	EndGlobalSection
	GlobalSection(ProjectConfigurationPlatforms) = postSolution
		{FFEC651B-B68A-41FF-A1A5-066B63F68094}.Debug|Any CPU.ActiveCfg = Debug|Any CPU
		{FFEC651B-B68A-41FF-A1A5-066B63F68094}.Debug|Any CPU.Build.0 = Debug|Any CPU
		{FFEC651B-B68A-41FF-A1A5-066B63F68094}.Release|Any CPU.ActiveCfg = Release|Any CPU
		{FFEC651B-B68A-41FF-A1A5-066B63F68094}.Release|Any CPU.Build.0 = Release|Any CPU
		{F3869602-DFBD-4077-A744-07C5444135A6}.Debug|Any CPU.ActiveCfg = Debug|Any CPU
		{F3869602-DFBD-4077-A744-07C5444135A6}.Debug|Any CPU.Build.0 = Debug|Any CPU
		{F3869602-DFBD-4077-A744-07C5444135A6}.Release|Any CPU.ActiveCfg = Release|Any CPU
		{F3869602-DFBD-4077-A744-07C5444135A6}.Release|Any CPU.Build.0 = Release|Any CPU
		{0D9E8D5B-F5BC-492D-BCF4-BF3BFB044F25}.Debug|Any CPU.ActiveCfg = Debug|Any CPU
		{0D9E8D5B-F5BC-492D-BCF4-BF3BFB044F25}.Debug|Any CPU.Build.0 = Debug|Any CPU
		{0D9E8D5B-F5BC-492D-BCF4-BF3BFB044F25}.Release|Any CPU.ActiveCfg = Release|Any CPU
		{0D9E8D5B-F5BC-492D-BCF4-BF3BFB044F25}.Release|Any CPU.Build.0 = Release|Any CPU
	EndGlobalSection
	GlobalSection(SolutionProperties) = preSolution
		HideSolutionNode = FALSE
	EndGlobalSection
	GlobalSection(ExtensibilityGlobals) = postSolution
		SolutionGuid = {B8B0FA79-FE3A-4F90-8900-8F6A11B1C5A2}
	EndGlobalSection
EndGlobal
